# This file is automatically @generated by Cargo.
# It is not intended for manual editing.
version = 3

[[package]]
name = "object-system"
version = "0.1.0"

[[package]]
name = "poc-entity-component-model"
version = "0.1.0"
dependencies = [
 "object-system",
]

[[package]]
name = "slotmap"
version = "0.1.0"
